git.sr.ht/~jamesponddotco/errxit-go v1.1.0 h1:HaJfDjNhg/sF5kqbi8Cq7EczsIs8YsFrWuSyYNawUbw=
git.sr.ht/~jamesponddotco/errxit-go v1.1.0/go.mod h1:3QdJ9DjgwU4yOY14St2GYUNsl+NBnbUG08KOVBEDeIo=
git.sr.ht/~jamesponddotco/gitignore-go v1.0.0 h1:LWkOl4GxTrdUflN0yNiWurvIBzS/KQpkN80r3xkb1v0=
git.sr.ht/~jamesponddotco/gitignore-go v1.0.0/go.mod h1:bCuKIPy1A0fvgPLTEeut0SmygPVw5TOD4CISgf5x6SY=
git.sr.ht/~jamesponddotco/xstd-go v0.10.0 h1:B4D9MzdETY/DTCWgOJM36Y9FYy+hKnUooMi8PHyLRQc=
git.sr.ht/~jamesponddotco/xstd-go v0.10.0/go.mod h1:2ImaAMHwlIUZQG4RDk7utC9ZG5HL+l6uQ3pwMjq1Q5s=
